
Microsoft Visual Studio Solution File, Format Version 12.00
# Visual Studio 2013
VisualStudioVersion = 12.0.40629.0
MinimumVisualStudioVersion = 10.0.40219.1
Project("{FAE04EC0-301F-11D3-BF4B-00C04F79EFBC}") = "net.yutuo.Laxer", "net.yutuo.Laxer\net.yutuo.Laxer.csproj", "{F397C9AA-2620-47C1-8C46-ABC59F8BEAC7}"
EndProject
Project("{FAE04EC0-301F-11D3-BF4B-00C04F79EFBC}") = "net.yutuo.LaxerTest", "net.yutuo.LaxerTest\net.yutuo.LaxerTest.csproj", "{D5F4E5FC-99CA-4619-ACE0-70792F539BA7}"
EndProject
Global
	GlobalSection(SolutionConfigurationPlatforms) = preSolution
		Debug|Any CPU = Debug|Any CPU
		Release|Any CPU = Release|Any CPU
	EndGlobalSection
	GlobalSection(ProjectConfigurationPlatforms) = postSolution
		{F397C9AA-2620-47C1-8C46-ABC59F8BEAC7}.Debug|Any CPU.ActiveCfg = Debug|Any CPU
		{F397C9AA-2620-47C1-8C46-ABC59F8BEAC7}.Debug|Any CPU.Build.0 = Debug|Any CPU
		{F397C9AA-2620-47C1-8C46-ABC59F8BEAC7}.Release|Any CPU.ActiveCfg = Release|Any CPU
		{F397C9AA-2620-47C1-8C46-ABC59F8BEAC7}.Release|Any CPU.Build.0 = Release|Any CPU
		{D5F4E5FC-99CA-4619-ACE0-70792F539BA7}.Debug|Any CPU.ActiveCfg = Debug|Any CPU
		{D5F4E5FC-99CA-4619-ACE0-70792F539BA7}.Debug|Any CPU.Build.0 = Debug|Any CPU
		{D5F4E5FC-99CA-4619-ACE0-70792F539BA7}.Release|Any CPU.ActiveCfg = Release|Any CPU
		{D5F4E5FC-99CA-4619-ACE0-70792F539BA7}.Release|Any CPU.Build.0 = Release|Any CPU
	EndGlobalSection
	GlobalSection(SolutionProperties) = preSolution
		HideSolutionNode = FALSE
	EndGlobalSection
EndGlobal
